
Microsoft Visual Studio Solution File, Format Version 12.00
Project("{FAE04EC0-301F-11D3-BF4B-00C04F79EFBC}") = "ComuunityHub", "ComuunityHub\ComuunityHub.csproj", "{1839BEC2-DFCA-41EA-B1A2-AD623F6CFEB0}"
EndProject
Global
	GlobalSection(SolutionConfigurationPlatforms) = preSolution
		Debug|Any CPU = Debug|Any CPU
		Release|Any CPU = Release|Any CPU
	EndGlobalSection
	GlobalSection(ProjectConfigurationPlatforms) = postSolution
		{1839BEC2-DFCA-41EA-B1A2-AD623F6CFEB0}.Debug|Any CPU.ActiveCfg = Debug|Any CPU
		{1839BEC2-DFCA-41EA-B1A2-AD623F6CFEB0}.Debug|Any CPU.Build.0 = Debug|Any CPU
		{1839BEC2-DFCA-41EA-B1A2-AD623F6CFEB0}.Release|Any CPU.ActiveCfg = Release|Any CPU
		{1839BEC2-DFCA-41EA-B1A2-AD623F6CFEB0}.Release|Any CPU.Build.0 = Release|Any CPU
	EndGlobalSection
EndGlobal
